// !$*UTF8*$!
{
	archiveVersion = 1;
	classes = {
	};
	objectVersion = 46;
	objects = {

/* Begin PBXBuildFile section */
		8401DDF91D78B1DE0018FB0F /* TitleViewController.swift in Sources */ = {isa = PBXBuildFile; fileRef = 8401DDF81D78B1DE0018FB0F /* TitleViewController.swift */; };
		8401DDFB1D78B6480018FB0F /* DescriptionViewController.swift in Sources */ = {isa = PBXBuildFile; fileRef = 8401DDFA1D78B6480018FB0F /* DescriptionViewController.swift */; };
		840B04B61D8558ED0053F6E2 /* CustomCell.swift in Sources */ = {isa = PBXBuildFile; fileRef = 840B04B51D8558ED0053F6E2 /* CustomCell.swift */; };
		840B04B91D8561470053F6E2 /* Meals+CoreDataProperties.swift in Sources */ = {isa = PBXBuildFile; fileRef = 840B04B71D8561470053F6E2 /* Meals+CoreDataProperties.swift */; };
		840B04BA1D8561470053F6E2 /* Meals.swift in Sources */ = {isa = PBXBuildFile; fileRef = 840B04B81D8561470053F6E2 /* Meals.swift */; };
		841324611D7D6A4B00E763C1 /* NewItemContent.swift in Sources */ = {isa = PBXBuildFile; fileRef = 841324601D7D6A4B00E763C1 /* NewItemContent.swift */; };
		8495E4341D76D5030061A94D /* ImageViewController.swift in Sources */ = {isa = PBXBuildFile; fileRef = 8495E4331D76D5030061A94D /* ImageViewController.swift */; };
		84DAB7FA1D66FD78009E882A /* AppDelegate.swift in Sources */ = {isa = PBXBuildFile; fileRef = 84DAB7F91D66FD78009E882A /* AppDelegate.swift */; };
		84DAB7FF1D66FD78009E882A /* Main.storyboard in Resources */ = {isa = PBXBuildFile; fileRef = 84DAB7FD1D66FD78009E882A /* Main.storyboard */; };
		84DAB8021D66FD78009E882A /* MealDiary.xcdatamodeld in Sources */ = {isa = PBXBuildFile; fileRef = 84DAB8001D66FD78009E882A /* MealDiary.xcdatamodeld */; };
		84DAB8041D66FD78009E882A /* Assets.xcassets in Resources */ = {isa = PBXBuildFile; fileRef = 84DAB8031D66FD78009E882A /* Assets.xcassets */; };
		84DAB8071D66FD78009E882A /* LaunchScreen.storyboard in Resources */ = {isa = PBXBuildFile; fileRef = 84DAB8051D66FD78009E882A /* LaunchScreen.storyboard */; };
		84DAB8121D66FD78009E882A /* MealDiaryTests.swift in Sources */ = {isa = PBXBuildFile; fileRef = 84DAB8111D66FD78009E882A /* MealDiaryTests.swift */; };
		84DAB81D1D66FD78009E882A /* MealDiaryUITests.swift in Sources */ = {isa = PBXBuildFile; fileRef = 84DAB81C1D66FD78009E882A /* MealDiaryUITests.swift */; };
		84E8F0611D75A01500284D0F /* rootTableViewController.swift in Sources */ = {isa = PBXBuildFile; fileRef = 84E8F0601D75A01500284D0F /* rootTableViewController.swift */; };
		84E8F0631D75A4A300284D0F /* DetailViewController.swift in Sources */ = {isa = PBXBuildFile; fileRef = 84E8F0621D75A4A300284D0F /* DetailViewController.swift */; };
/* End PBXBuildFile section */

/* Begin PBXContainerItemProxy section */
		84DAB80E1D66FD78009E882A /* PBXContainerItemProxy */ = {
			isa = PBXContainerItemProxy;
			containerPortal = 84DAB7EE1D66FD78009E882A /* Project object */;
			proxyType = 1;
			remoteGlobalIDString = 84DAB7F51D66FD78009E882A;
			remoteInfo = MealDiary;
		};
		84DAB8191D66FD78009E882A /* PBXContainerItemProxy */ = {
			isa = PBXContainerItemProxy;
			containerPortal = 84DAB7EE1D66FD78009E882A /* Project object */;
			proxyType = 1;
			remoteGlobalIDString = 84DAB7F51D66FD78009E882A;
			remoteInfo = MealDiary;
		};
/* End PBXContainerItemProxy section */

/* Begin PBXFileReference section */
		8401DDF81D78B1DE0018FB0F /* TitleViewController.swift */ = {isa = PBXFileReference; fileEncoding = 4; lastKnownFileType = sourcecode.swift; path = TitleViewController.swift; sourceTree = "<group>"; };
		8401DDFA1D78B6480018FB0F /* DescriptionViewController.swift */ = {isa = PBXFileReference; fileEncoding = 4; lastKnownFileType = sourcecode.swift; path = DescriptionViewController.swift; sourceTree = "<group>"; };
		840B04B51D8558ED0053F6E2 /* CustomCell.swift */ = {isa = PBXFileReference; fileEncoding = 4; lastKnownFileType = sourcecode.swift; path = CustomCell.swift; sourceTree = "<group>"; };
		840B04B71D8561470053F6E2 /* Meals+CoreDataProperties.swift */ = {isa = PBXFileReference; fileEncoding = 4; lastKnownFileType = sourcecode.swift; path = "Meals+CoreDataProperties.swift"; sourceTree = "<group>"; };
		840B04B81D8561470053F6E2 /* Meals.swift */ = {isa = PBXFileReference; fileEncoding = 4; lastKnownFileType = sourcecode.swift; path = Meals.swift; sourceTree = "<group>"; };
		841324601D7D6A4B00E763C1 /* NewItemContent.swift */ = {isa = PBXFileReference; fileEncoding = 4; lastKnownFileType = sourcecode.swift; path = NewItemContent.swift; sourceTree = "<group>"; };
		8495E4331D76D5030061A94D /* ImageViewController.swift */ = {isa = PBXFileReference; fileEncoding = 4; lastKnownFileType = sourcecode.swift; path = ImageViewController.swift; sourceTree = "<group>"; };
		84DAB7F61D66FD78009E882A /* MealDiary.app */ = {isa = PBXFileReference; explicitFileType = wrapper.application; includeInIndex = 0; path = MealDiary.app; sourceTree = BUILT_PRODUCTS_DIR; };
		84DAB7F91D66FD78009E882A /* AppDelegate.swift */ = {isa = PBXFileReference; lastKnownFileType = sourcecode.swift; path = AppDelegate.swift; sourceTree = "<group>"; };
		84DAB7FE1D66FD78009E882A /* Base */ = {isa = PBXFileReference; lastKnownFileType = file.storyboard; name = Base; path = Base.lproj/Main.storyboard; sourceTree = "<group>"; };
		84DAB8011D66FD78009E882A /* MealDiary.xcdatamodel */ = {isa = PBXFileReference; lastKnownFileType = wrapper.xcdatamodel; path = MealDiary.xcdatamodel; sourceTree = "<group>"; };
		84DAB8031D66FD78009E882A /* Assets.xcassets */ = {isa = PBXFileReference; lastKnownFileType = folder.assetcatalog; path = Assets.xcassets; sourceTree = "<group>"; };
		84DAB8061D66FD78009E882A /* Base */ = {isa = PBXFileReference; lastKnownFileType = file.storyboard; name = Base; path = Base.lproj/LaunchScreen.storyboard; sourceTree = "<group>"; };
		84DAB8081D66FD78009E882A /* Info.plist */ = {isa = PBXFileReference; lastKnownFileType = text.plist.xml; path = Info.plist; sourceTree = "<group>"; };
		84DAB80D1D66FD78009E882A /* MealDiaryTests.xctest */ = {isa = PBXFileReference; explicitFileType = wrapper.cfbundle; includeInIndex = 0; path = MealDiaryTests.xctest; sourceTree = BUILT_PRODUCTS_DIR; };
		84DAB8111D66FD78009E882A /* MealDiaryTests.swift */ = {isa = PBXFileReference; lastKnownFileType = sourcecode.swift; path = MealDiaryTests.swift; sourceTree = "<group>"; };
		84DAB8131D66FD78009E882A /* Info.plist */ = {isa = PBXFileReference; lastKnownFileType = text.plist.xml; path = Info.plist; sourceTree = "<group>"; };
		84DAB8181D66FD78009E882A /* MealDiaryUITests.xctest */ = {isa = PBXFileReference; explicitFileType = wrapper.cfbundle; includeInIndex = 0; path = MealDiaryUITests.xctest; sourceTree = BUILT_PRODUCTS_DIR; };
		84DAB81C1D66FD78009E882A /* MealDiaryUITests.swift */ = {isa = PBXFileReference; lastKnownFileType = sourcecode.swift; path = MealDiaryUITests.swift; sourceTree = "<group>"; };
		84DAB81E1D66FD78009E882A /* Info.plist */ = {isa = PBXFileReference; lastKnownFileType = text.plist.xml; path = Info.plist; sourceTree = "<group>"; };
		84E8F0601D75A01500284D0F /* rootTableViewController.swift */ = {isa = PBXFileReference; fileEncoding = 4; lastKnownFileType = sourcecode.swift; path = rootTableViewController.swift; sourceTree = "<group>"; };
		84E8F0621D75A4A300284D0F /* DetailViewController.swift */ = {isa = PBXFileReference; fileEncoding = 4; lastKnownFileType = sourcecode.swift; path = DetailViewController.swift; sourceTree = "<group>"; };
/* End PBXFileReference section */

/* Begin PBXFrameworksBuildPhase section */
		84DAB7F31D66FD78009E882A /* Frameworks */ = {
			isa = PBXFrameworksBuildPhase;
			buildActionMask = 2147483647;
			files = (
			);
			runOnlyForDeploymentPostprocessing = 0;
		};
		84DAB80A1D66FD78009E882A /* Frameworks */ = {
			isa = PBXFrameworksBuildPhase;
			buildActionMask = 2147483647;
			files = (
			);
			runOnlyForDeploymentPostprocessing = 0;
		};
		84DAB8151D66FD78009E882A /* Frameworks */ = {
			isa = PBXFrameworksBuildPhase;
			buildActionMask = 2147483647;
			files = (
			);
			runOnlyForDeploymentPostprocessing = 0;
		};
/* End PBXFrameworksBuildPhase section */

/* Begin PBXGroup section */
		8411E7CD1D7DAC5500F006CF /* addItem */ = {
			isa = PBXGroup;
			children = (
				8401DDFA1D78B6480018FB0F /* DescriptionViewController.swift */,
				8495E4331D76D5030061A94D /* ImageViewController.swift */,
				8401DDF81D78B1DE0018FB0F /* TitleViewController.swift */,
				841324601D7D6A4B00E763C1 /* NewItemContent.swift */,
			);
			name = addItem;
			sourceTree = "<group>";
		};
		8411E7CE1D7DAD1700F006CF /* storyboards */ = {
			isa = PBXGroup;
			children = (
				84DAB8051D66FD78009E882A /* LaunchScreen.storyboard */,
				84DAB7FD1D66FD78009E882A /* Main.storyboard */,
			);
			name = storyboards;
			sourceTree = "<group>";
		};
		8411E7CF1D7DAD6000F006CF /* appfiles */ = {
			isa = PBXGroup;
			children = (
				840B04B71D8561470053F6E2 /* Meals+CoreDataProperties.swift */,
				840B04B81D8561470053F6E2 /* Meals.swift */,
				84DAB7F91D66FD78009E882A /* AppDelegate.swift */,
				84DAB8031D66FD78009E882A /* Assets.xcassets */,
				84DAB8081D66FD78009E882A /* Info.plist */,
				84DAB8001D66FD78009E882A /* MealDiary.xcdatamodeld */,
			);
			name = appfiles;
			sourceTree = "<group>";
		};
		84DAB7ED1D66FD78009E882A = {
			isa = PBXGroup;
			children = (
				84DAB7F81D66FD78009E882A /* MealDiary */,
				84DAB8101D66FD78009E882A /* MealDiaryTests */,
				84DAB81B1D66FD78009E882A /* MealDiaryUITests */,
				84DAB7F71D66FD78009E882A /* Products */,
			);
			sourceTree = "<group>";
		};
		84DAB7F71D66FD78009E882A /* Products */ = {
			isa = PBXGroup;
			children = (
				84DAB7F61D66FD78009E882A /* MealDiary.app */,
				84DAB80D1D66FD78009E882A /* MealDiaryTests.xctest */,
				84DAB8181D66FD78009E882A /* MealDiaryUITests.xctest */,
			);
			name = Products;
			sourceTree = "<group>";
		};
		84DAB7F81D66FD78009E882A /* MealDiary */ = {
			isa = PBXGroup;
			children = (
				8411E7CF1D7DAD6000F006CF /* appfiles */,
				84E8F0601D75A01500284D0F /* rootTableViewController.swift */,
				840B04B51D8558ED0053F6E2 /* CustomCell.swift */,
				84E8F0621D75A4A300284D0F /* DetailViewController.swift */,
				8411E7CE1D7DAD1700F006CF /* storyboards */,
				8411E7CD1D7DAC5500F006CF /* addItem */,
			);
			path = MealDiary;
			sourceTree = "<group>";
		};
		84DAB8101D66FD78009E882A /* MealDiaryTests */ = {
			isa = PBXGroup;
			children = (
				84DAB8111D66FD78009E882A /* MealDiaryTests.swift */,
				84DAB8131D66FD78009E882A /* Info.plist */,
			);
			path = MealDiaryTests;
			sourceTree = "<group>";
		};
		84DAB81B1D66FD78009E882A /* MealDiaryUITests */ = {
			isa = PBXGroup;
			children = (
				84DAB81C1D66FD78009E882A /* MealDiaryUITests.swift */,
				84DAB81E1D66FD78009E882A /* Info.plist */,
			);
			path = MealDiaryUITests;
			sourceTree = "<group>";
		};
/* End PBXGroup section */

/* Begin PBXNativeTarget section */
		84DAB7F51D66FD78009E882A /* MealDiary */ = {
			isa = PBXNativeTarget;
			buildConfigurationList = 84DAB8211D66FD78009E882A /* Build configuration list for PBXNativeTarget "MealDiary" */;
			buildPhases = (
				84DAB7F21D66FD78009E882A /* Sources */,
				84DAB7F31D66FD78009E882A /* Frameworks */,
				84DAB7F41D66FD78009E882A /* Resources */,
			);
			buildRules = (
			);
			dependencies = (
			);
			name = MealDiary;
			productName = MealDiary;
			productReference = 84DAB7F61D66FD78009E882A /* MealDiary.app */;
			productType = "com.apple.product-type.application";
		};
		84DAB80C1D66FD78009E882A /* MealDiaryTests */ = {
			isa = PBXNativeTarget;
			buildConfigurationList = 84DAB8241D66FD78009E882A /* Build configuration list for PBXNativeTarget "MealDiaryTests" */;
			buildPhases = (
				84DAB8091D66FD78009E882A /* Sources */,
				84DAB80A1D66FD78009E882A /* Frameworks */,
				84DAB80B1D66FD78009E882A /* Resources */,
			);
			buildRules = (
			);
			dependencies = (
				84DAB80F1D66FD78009E882A /* PBXTargetDependency */,
			);
			name = MealDiaryTests;
			productName = MealDiaryTests;
			productReference = 84DAB80D1D66FD78009E882A /* MealDiaryTests.xctest */;
			productType = "com.apple.product-type.bundle.unit-test";
		};
		84DAB8171D66FD78009E882A /* MealDiaryUITests */ = {
			isa = PBXNativeTarget;
			buildConfigurationList = 84DAB8271D66FD78009E882A /* Build configuration list for PBXNativeTarget "MealDiaryUITests" */;
			buildPhases = (
				84DAB8141D66FD78009E882A /* Sources */,
				84DAB8151D66FD78009E882A /* Frameworks */,
				84DAB8161D66FD78009E882A /* Resources */,
			);
			buildRules = (
			);
			dependencies = (
				84DAB81A1D66FD78009E882A /* PBXTargetDependency */,
			);
			name = MealDiaryUITests;
			productName = MealDiaryUITests;
			productReference = 84DAB8181D66FD78009E882A /* MealDiaryUITests.xctest */;
			productType = "com.apple.product-type.bundle.ui-testing";
		};
/* End PBXNativeTarget section */

/* Begin PBXProject section */
		84DAB7EE1D66FD78009E882A /* Project object */ = {
			isa = PBXProject;
			attributes = {
				LastSwiftUpdateCheck = 0730;
				LastUpgradeCheck = 0730;
				ORGANIZATIONNAME = "Stefan Papst";
				TargetAttributes = {
					84DAB7F51D66FD78009E882A = {
						CreatedOnToolsVersion = 7.3.1;
						DevelopmentTeam = S8WKY7Y99T;
					};
					84DAB80C1D66FD78009E882A = {
						CreatedOnToolsVersion = 7.3.1;
						TestTargetID = 84DAB7F51D66FD78009E882A;
					};
					84DAB8171D66FD78009E882A = {
						CreatedOnToolsVersion = 7.3.1;
						TestTargetID = 84DAB7F51D66FD78009E882A;
					};
				};
			};
			buildConfigurationList = 84DAB7F11D66FD78009E882A /* Build configuration list for PBXProject "MealDiary" */;
			compatibilityVersion = "Xcode 3.2";
			developmentRegion = English;
			hasScannedForEncodings = 0;
			knownRegions = (
				en,
				Base,
			);
			mainGroup = 84DAB7ED1D66FD78009E882A;
			productRefGroup = 84DAB7F71D66FD78009E882A /* Products */;
			projectDirPath = "";
			projectRoot = "";
			targets = (
				84DAB7F51D66FD78009E882A /* MealDiary */,
				84DAB80C1D66FD78009E882A /* MealDiaryTests */,
				84DAB8171D66FD78009E882A /* MealDiaryUITests */,
			);
		};
/* End PBXProject section */

/* Begin PBXResourcesBuildPhase section */
		84DAB7F41D66FD78009E882A /* Resources */ = {
			isa = PBXResourcesBuildPhase;
			buildActionMask = 2147483647;
			files = (
				84DAB8071D66FD78009E882A /* LaunchScreen.storyboard in Resources */,
				84DAB8041D66FD78009E882A /* Assets.xcassets in Resources */,
				84DAB7FF1D66FD78009E882A /* Main.storyboard in Resources */,
			);
			runOnlyForDeploymentPostprocessing = 0;
		};
		84DAB80B1D66FD78009E882A /* Resources */ = {
			isa = PBXResourcesBuildPhase;
			buildActionMask = 2147483647;
			files = (
			);
			runOnlyForDeploymentPostprocessing = 0;
		};
		84DAB8161D66FD78009E882A /* Resources */ = {
			isa = PBXResourcesBuildPhase;
			buildActionMask = 2147483647;
			files = (
			);
			runOnlyForDeploymentPostprocessing = 0;
		};
/* End PBXResourcesBuildPhase section */

/* Begin PBXSourcesBuildPhase section */
		84DAB7F21D66FD78009E882A /* Sources */ = {
			isa = PBXSourcesBuildPhase;
			buildActionMask = 2147483647;
			files = (
				84DAB8021D66FD78009E882A /* MealDiary.xcdatamodeld in Sources */,
				84E8F0631D75A4A300284D0F /* DetailViewController.swift in Sources */,
				8401DDF91D78B1DE0018FB0F /* TitleViewController.swift in Sources */,
				84DAB7FA1D66FD78009E882A /* AppDelegate.swift in Sources */,
				840B04B91D8561470053F6E2 /* Meals+CoreDataProperties.swift in Sources */,
				840B04BA1D8561470053F6E2 /* Meals.swift in Sources */,
				8401DDFB1D78B6480018FB0F /* DescriptionViewController.swift in Sources */,
				841324611D7D6A4B00E763C1 /* NewItemContent.swift in Sources */,
				84E8F0611D75A01500284D0F /* rootTableViewController.swift in Sources */,
				840B04B61D8558ED0053F6E2 /* CustomCell.swift in Sources */,
				8495E4341D76D5030061A94D /* ImageViewController.swift in Sources */,
			);
			runOnlyForDeploymentPostprocessing = 0;
		};
		84DAB8091D66FD78009E882A /* Sources */ = {
			isa = PBXSourcesBuildPhase;
			buildActionMask = 2147483647;
			files = (
				84DAB8121D66FD78009E882A /* MealDiaryTests.swift in Sources */,
			);
			runOnlyForDeploymentPostprocessing = 0;
		};
		84DAB8141D66FD78009E882A /* Sources */ = {
			isa = PBXSourcesBuildPhase;
			buildActionMask = 2147483647;
			files = (
				84DAB81D1D66FD78009E882A /* MealDiaryUITests.swift in Sources */,
			);
			runOnlyForDeploymentPostprocessing = 0;
		};
/* End PBXSourcesBuildPhase section */

/* Begin PBXTargetDependency section */
		84DAB80F1D66FD78009E882A /* PBXTargetDependency */ = {
			isa = PBXTargetDependency;
			target = 84DAB7F51D66FD78009E882A /* MealDiary */;
			targetProxy = 84DAB80E1D66FD78009E882A /* PBXContainerItemProxy */;
		};
		84DAB81A1D66FD78009E882A /* PBXTargetDependency */ = {
			isa = PBXTargetDependency;
			target = 84DAB7F51D66FD78009E882A /* MealDiary */;
			targetProxy = 84DAB8191D66FD78009E882A /* PBXContainerItemProxy */;
		};
/* End PBXTargetDependency section */

/* Begin PBXVariantGroup section */
		84DAB7FD1D66FD78009E882A /* Main.storyboard */ = {
			isa = PBXVariantGroup;
			children = (
				84DAB7FE1D66FD78009E882A /* Base */,
			);
			name = Main.storyboard;
			sourceTree = "<group>";
		};
		84DAB8051D66FD78009E882A /* LaunchScreen.storyboard */ = {
			isa = PBXVariantGroup;
			children = (
				84DAB8061D66FD78009E882A /* Base */,
			);
			name = LaunchScreen.storyboard;
			sourceTree = "<group>";
		};
/* End PBXVariantGroup section */

/* Begin XCBuildConfiguration section */
		84DAB81F1D66FD78009E882A /* Debug */ = {
			isa = XCBuildConfiguration;
			buildSettings = {
				ALWAYS_SEARCH_USER_PATHS = NO;
				CLANG_ANALYZER_NONNULL = YES;
				CLANG_CXX_LANGUAGE_STANDARD = "gnu++0x";
				CLANG_CXX_LIBRARY = "libc++";
				CLANG_ENABLE_MODULES = YES;
				CLANG_ENABLE_OBJC_ARC = YES;
				CLANG_WARN_BOOL_CONVERSION = YES;
				CLANG_WARN_CONSTANT_CONVERSION = YES;
				CLANG_WARN_DIRECT_OBJC_ISA_USAGE = YES_ERROR;
				CLANG_WARN_EMPTY_BODY = YES;
				CLANG_WARN_ENUM_CONVERSION = YES;
				CLANG_WARN_INT_CONVERSION = YES;
				CLANG_WARN_OBJC_ROOT_CLASS = YES_ERROR;
				CLANG_WARN_UNREACHABLE_CODE = YES;
				CLANG_WARN__DUPLICATE_METHOD_MATCH = YES;
				"CODE_SIGN_IDENTITY[sdk=iphoneos*]" = "iPhone Developer";
				COPY_PHASE_STRIP = NO;
				DEBUG_INFORMATION_FORMAT = dwarf;
				ENABLE_STRICT_OBJC_MSGSEND = YES;
				ENABLE_TESTABILITY = YES;
				GCC_C_LANGUAGE_STANDARD = gnu99;
				GCC_DYNAMIC_NO_PIC = NO;
				GCC_NO_COMMON_BLOCKS = YES;
				GCC_OPTIMIZATION_LEVEL = 0;
				GCC_PREPROCESSOR_DEFINITIONS = (
					"DEBUG=1",
					"$(inherited)",
				);
				GCC_WARN_64_TO_32_BIT_CONVERSION = YES;
				GCC_WARN_ABOUT_RETURN_TYPE = YES_ERROR;
				GCC_WARN_UNDECLARED_SELECTOR = YES;
				GCC_WARN_UNINITIALIZED_AUTOS = YES_AGGRESSIVE;
				GCC_WARN_UNUSED_FUNCTION = YES;
				GCC_WARN_UNUSED_VARIABLE = YES;
				IPHONEOS_DEPLOYMENT_TARGET = 9.3;
				MTL_ENABLE_DEBUG_INFO = YES;
				ONLY_ACTIVE_ARCH = YES;
				SDKROOT = iphoneos;
				SWIFT_OPTIMIZATION_LEVEL = "-Onone";
			};
			name = Debug;
		};
		84DAB8201D66FD78009E882A /* Release */ = {
			isa = XCBuildConfiguration;
			buildSettings = {
				ALWAYS_SEARCH_USER_PATHS = NO;
				CLANG_ANALYZER_NONNULL = YES;
				CLANG_CXX_LANGUAGE_STANDARD = "gnu++0x";
				CLANG_CXX_LIBRARY = "libc++";
				CLANG_ENABLE_MODULES = YES;
				CLANG_ENABLE_OBJC_ARC = YES;
				CLANG_WARN_BOOL_CONVERSION = YES;
				CLANG_WARN_CONSTANT_CONVERSION = YES;
				CLANG_WARN_DIRECT_OBJC_ISA_USAGE = YES_ERROR;
				CLANG_WARN_EMPTY_BODY = YES;
				CLANG_WARN_ENUM_CONVERSION = YES;
				CLANG_WARN_INT_CONVERSION = YES;
				CLANG_WARN_OBJC_ROOT_CLASS = YES_ERROR;
				CLANG_WARN_UNREACHABLE_CODE = YES;
				CLANG_WARN__DUPLICATE_METHOD_MATCH = YES;
				"CODE_SIGN_IDENTITY[sdk=iphoneos*]" = "iPhone Developer";
				COPY_PHASE_STRIP = NO;
				DEBUG_INFORMATION_FORMAT = "dwarf-with-dsym";
				ENABLE_NS_ASSERTIONS = NO;
				ENABLE_STRICT_OBJC_MSGSEND = YES;
				GCC_C_LANGUAGE_STANDARD = gnu99;
				GCC_NO_COMMON_BLOCKS = YES;
				GCC_WARN_64_TO_32_BIT_CONVERSION = YES;
				GCC_WARN_ABOUT_RETURN_TYPE = YES_ERROR;
				GCC_WARN_UNDECLARED_SELECTOR = YES;
				GCC_WARN_UNINITIALIZED_AUTOS = YES_AGGRESSIVE;
				GCC_WARN_UNUSED_FUNCTION = YES;
				GCC_WARN_UNUSED_VARIABLE = YES;
				IPHONEOS_DEPLOYMENT_TARGET = 9.3;
				MTL_ENABLE_DEBUG_INFO = NO;
				SDKROOT = iphoneos;
				VALIDATE_PRODUCT = YES;
			};
			name = Release;
		};
		84DAB8221D66FD78009E882A /* Debug */ = {
			isa = XCBuildConfiguration;
			buildSettings = {
				ASSETCATALOG_COMPILER_APPICON_NAME = AppIcon;
				CODE_SIGN_IDENTITY = "iPhone Developer";
				"CODE_SIGN_IDENTITY[sdk=iphoneos*]" = "iPhone Developer";
				INFOPLIST_FILE = MealDiary/Info.plist;
				LD_RUNPATH_SEARCH_PATHS = "$(inherited) @executable_path/Frameworks";
				PRODUCT_BUNDLE_IDENTIFIER = studentfactory.apps.MealDiary;
				PRODUCT_NAME = "$(TARGET_NAME)";
				PROVISIONING_PROFILE = "";
			};
			name = Debug;
		};
		84DAB8231D66FD78009E882A /* Release */ = {
			isa = XCBuildConfiguration;
			buildSettings = {
				ASSETCATALOG_COMPILER_APPICON_NAME = AppIcon;
				CODE_SIGN_IDENTITY = "iPhone Developer";
				"CODE_SIGN_IDENTITY[sdk=iphoneos*]" = "iPhone Developer";
				INFOPLIST_FILE = MealDiary/Info.plist;
				LD_RUNPATH_SEARCH_PATHS = "$(inherited) @executable_path/Frameworks";
				PRODUCT_BUNDLE_IDENTIFIER = studentfactory.apps.MealDiary;
				PRODUCT_NAME = "$(TARGET_NAME)";
				PROVISIONING_PROFILE = "";
			};
			name = Release;
		};
		84DAB8251D66FD78009E882A /* Debug */ = {
			isa = XCBuildConfiguration;
			buildSettings = {
				BUNDLE_LOADER = "$(TEST_HOST)";
				INFOPLIST_FILE = MealDiaryTests/Info.plist;
				LD_RUNPATH_SEARCH_PATHS = "$(inherited) @executable_path/Frameworks @loader_path/Frameworks";
				PRODUCT_BUNDLE_IDENTIFIER = studentfactory.apps.MealDiaryTests;
				PRODUCT_NAME = "$(TARGET_NAME)";
				TEST_HOST = "$(BUILT_PRODUCTS_DIR)/MealDiary.app/MealDiary";
			};
			name = Debug;
		};
		84DAB8261D66FD78009E882A /* Release */ = {
			isa = XCBuildConfiguration;
			buildSettings = {
				BUNDLE_LOADER = "$(TEST_HOST)";
				INFOPLIST_FILE = MealDiaryTests/Info.plist;
				LD_RUNPATH_SEARCH_PATHS = "$(inherited) @executable_path/Frameworks @loader_path/Frameworks";
				PRODUCT_BUNDLE_IDENTIFIER = studentfactory.apps.MealDiaryTests;
				PRODUCT_NAME = "$(TARGET_NAME)";
				TEST_HOST = "$(BUILT_PRODUCTS_DIR)/MealDiary.app/MealDiary";
			};
			name = Release;
		};
		84DAB8281D66FD78009E882A /* Debug */ = {
			isa = XCBuildConfiguration;
			buildSettings = {
				INFOPLIST_FILE = MealDiaryUITests/Info.plist;
				LD_RUNPATH_SEARCH_PATHS = "$(inherited) @executable_path/Frameworks @loader_path/Frameworks";
				PRODUCT_BUNDLE_IDENTIFIER = studentfactory.apps.MealDiaryUITests;
				PRODUCT_NAME = "$(TARGET_NAME)";
				TEST_TARGET_NAME = MealDiary;
			};
			name = Debug;
		};
		84DAB8291D66FD78009E882A /* Release */ = {
			isa = XCBuildConfiguration;
			buildSettings = {
				INFOPLIST_FILE = MealDiaryUITests/Info.plist;
				LD_RUNPATH_SEARCH_PATHS = "$(inherited) @executable_path/Frameworks @loader_path/Frameworks";
				PRODUCT_BUNDLE_IDENTIFIER = studentfactory.apps.MealDiaryUITests;
				PRODUCT_NAME = "$(TARGET_NAME)";
				TEST_TARGET_NAME = MealDiary;
			};
			name = Release;
		};
/* End XCBuildConfiguration section */

/* Begin XCConfigurationList section */
		84DAB7F11D66FD78009E882A /* Build configuration list for PBXProject "MealDiary" */ = {
			isa = XCConfigurationList;
			buildConfigurations = (
				84DAB81F1D66FD78009E882A /* Debug */,
				84DAB8201D66FD78009E882A /* Release */,
			);
			defaultConfigurationIsVisible = 0;
			defaultConfigurationName = Release;
		};
		84DAB8211D66FD78009E882A /* Build configuration list for PBXNativeTarget "MealDiary" */ = {
			isa = XCConfigurationList;
			buildConfigurations = (
				84DAB8221D66FD78009E882A /* Debug */,
				84DAB8231D66FD78009E882A /* Release */,
			);
			defaultConfigurationIsVisible = 0;
			defaultConfigurationName = Release;
		};
		84DAB8241D66FD78009E882A /* Build configuration list for PBXNativeTarget "MealDiaryTests" */ = {
			isa = XCConfigurationList;
			buildConfigurations = (
				84DAB8251D66FD78009E882A /* Debug */,
				84DAB8261D66FD78009E882A /* Release */,
			);
			defaultConfigurationIsVisible = 0;
			defaultConfigurationName = Release;
		};
		84DAB8271D66FD78009E882A /* Build configuration list for PBXNativeTarget "MealDiaryUITests" */ = {
			isa = XCConfigurationList;
			buildConfigurations = (
				84DAB8281D66FD78009E882A /* Debug */,
				84DAB8291D66FD78009E882A /* Release */,
			);
			defaultConfigurationIsVisible = 0;
			defaultConfigurationName = Release;
		};
/* End XCConfigurationList section */

/* Begin XCVersionGroup section */
		84DAB8001D66FD78009E882A /* MealDiary.xcdatamodeld */ = {
			isa = XCVersionGroup;
			children = (
				84DAB8011D66FD78009E882A /* MealDiary.xcdatamodel */,
			);
			currentVersion = 84DAB8011D66FD78009E882A /* MealDiary.xcdatamodel */;
			path = MealDiary.xcdatamodeld;
			sourceTree = "<group>";
			versionGroupType = wrapper.xcdatamodel;
		};
/* End XCVersionGroup section */
	};
	rootObject = 84DAB7EE1D66FD78009E882A /* Project object */;
}
